Microsoft Visual Studio Solution File, Format Version 12.00
# Visual Studio Version 17
VisualStudioVersion = 17.13.35913.81
MinimumVisualStudioVersion = 10.0.40219.1
Project("{FAE04EC0-301F-11D3-BF4B-00C04F79EFBC}") = "AvaloniaGLES", "AvaloniaGLES\AvaloniaGLES.csproj", "{CF400667-16D8-44A3-AC23-76219FC7728B}"
EndProject
Global
	GlobalSection(SolutionConfigurationPlatforms) = preSolution
		Debug|Any CPU = Debug|Any CPU
		Release|Any CPU = Release|Any CPU
	EndGlobalSection
	GlobalSection(ProjectConfigurationPlatforms) = postSolution
		{CF400667-16D8-44A3-AC23-76219FC7728B}.Debug|Any CPU.ActiveCfg = Debug|Any CPU
		{CF400667-16D8-44A3-AC23-76219FC7728B}.Debug|Any CPU.Build.0 = Debug|Any CPU
		{CF400667-16D8-44A3-AC23-76219FC7728B}.Release|Any CPU.ActiveCfg = Release|Any CPU
		{CF400667-16D8-44A3-AC23-76219FC7728B}.Release|Any CPU.Build.0 = Release|Any CPU
	EndGlobalSection
	GlobalSection(SolutionProperties) = preSolution
		HideSolutionNode = FALSE
	EndGlobalSection
	GlobalSection(ExtensibilityGlobals) = postSolution
		SolutionGuid = {6A4558C4-15E1-4051-ABDB-EDCF7D1A2A9E}
	EndGlobalSection
EndGlobal
